{
  "name": "ddb2csv-lambda",
  "version": "0.1.0",
  "lockfileVersion": 3,
  "requires": true,
  "packages": {
    "": {
      "version": "0.1.0",
      "dependencies": {
        "dynamodb-marshaler": "^2.0.0",
        "papaparse": "^5.2.0"
      }
    },
    "node_modules/dispatch-recursive": {
      "version": "2.0.0",
      "resolved": "https://registry.npmjs.org/dispatch-recursive/-/dispatch-recursive-2.0.0.tgz",
      "integrity": "sha1-jkWIhrPB+DceD8cW0IKai9MuzCI=",
      "engines": {
        "node": ">=0.10.0"
      }
    },
    "node_modules/dynamodb-marshaler": {
      "version": "2.0.0",
      "resolved": "https://registry.npmjs.org/dynamodb-marshaler/-/dynamodb-marshaler-2.0.0.tgz",
      "integrity": "sha1-7w1wiL4I4rZnnvFyeRZ+PM14Ryk=",
      "deprecated": "The AWS SDK now includes the DocumentClient (http://docs.aws.amazon.com/AWSJavaScriptSDK/latest/AWS/DynamoDB/DocumentClient.html) and Converter (http://docs.aws.amazon.com/AWSJavaScriptSDK/latest/AWS/DynamoDB/Converter.html), which provide official support for converting DynamoDB documents to and from POJOs",
      "dependencies": {
        "dispatch-recursive": "^2.0.0",
        "lodash": "^4.11.2"
      },
      "engines": {
        "node": ">=0.10.33"
      }
    },
    "node_modules/lodash": {
      "version": "4.18.1",
      "resolved": "https://registry.npmjs.org/lodash/-/lodash-4.18.1.tgz",
      "integrity": "sha512-dMInicTPVE8d1e5otfwmmjlxkZoUpiVLwyeTdUsi/Caj/gfzzblBcCE5sRHV/AsjuCmxWrte2TNGSYuCeCq+0Q==",
      "license": "MIT"
    },
    "node_modules/papaparse": {
      "version": "5.2.0",
      "resolved": "https://registry.npmjs.org/papaparse/-/papaparse-5.2.0.tgz",
      "integrity": "sha512-ylq1wgUSnagU+MKQtNeVqrPhZuMYBvOSL00DHycFTCxownF95gpLAk1HiHdUW77N8yxRq1qHXLdlIPyBSG9NSA=="
    }
  }
}
